
Microsoft Visual Studio Solution File, Format Version 12.00
# Visual Studio Version 17
VisualStudioVersion = 17.7.34202.233
MinimumVisualStudioVersion = 10.0.40219.1
Project("{FAE04EC0-301F-11D3-BF4B-00C04F79EFBC}") = "DocumentManagmentSystem", "DocumentManagmentSystem\DocumentManagmentSystem.csproj", "{774B8A75-5C89-40A6-9515-4D4C988950A9}"
EndProject
Project("{FAE04EC0-301F-11D3-BF4B-00C04F79EFBC}") = "DMS.Domain", "DMS.Domain\DMS.Domain.csproj", "{E1AE4B01-EC3A-400B-A636-DAB907622849}"
EndProject
Project("{FAE04EC0-301F-11D3-BF4B-00C04F79EFBC}") = "DMS.Application", "DMS.Application\DMS.Application.csproj", "{4D529BB4-C97C-415D-AF2F-B0D97F4D66C8}"
EndProject
Project("{FAE04EC0-301F-11D3-BF4B-00C04F79EFBC}") = "DMS.Infrastructure", "DMS.Infrastructure\DMS.Infrastructure.csproj", "{985CC88E-980F-4822-B64E-0C20554ABC14}"
EndProject
Global
	GlobalSection(SolutionConfigurationPlatforms) = preSolution
		Debug|Any CPU = Debug|Any CPU
		Release|Any CPU = Release|Any CPU
	EndGlobalSection
	GlobalSection(ProjectConfigurationPlatforms) = postSolution
		{774B8A75-5C89-40A6-9515-4D4C988950A9}.Debug|Any CPU.ActiveCfg = Debug|Any CPU
		{774B8A75-5C89-40A6-9515-4D4C988950A9}.Debug|Any CPU.Build.0 = Debug|Any CPU
		{774B8A75-5C89-40A6-9515-4D4C988950A9}.Release|Any CPU.ActiveCfg = Release|Any CPU
		{774B8A75-5C89-40A6-9515-4D4C988950A9}.Release|Any CPU.Build.0 = Release|Any CPU
		{E1AE4B01-EC3A-400B-A636-DAB907622849}.Debug|Any CPU.ActiveCfg = Debug|Any CPU
		{E1AE4B01-EC3A-400B-A636-DAB907622849}.Debug|Any CPU.Build.0 = Debug|Any CPU
		{E1AE4B01-EC3A-400B-A636-DAB907622849}.Release|Any CPU.ActiveCfg = Release|Any CPU
		{E1AE4B01-EC3A-400B-A636-DAB907622849}.Release|Any CPU.Build.0 = Release|Any CPU
		{4D529BB4-C97C-415D-AF2F-B0D97F4D66C8}.Debug|Any CPU.ActiveCfg = Debug|Any CPU
		{4D529BB4-C97C-415D-AF2F-B0D97F4D66C8}.Debug|Any CPU.Build.0 = Debug|Any CPU
		{4D529BB4-C97C-415D-AF2F-B0D97F4D66C8}.Release|Any CPU.ActiveCfg = Release|Any CPU
		{4D529BB4-C97C-415D-AF2F-B0D97F4D66C8}.Release|Any CPU.Build.0 = Release|Any CPU
		{985CC88E-980F-4822-B64E-0C20554ABC14}.Debug|Any CPU.ActiveCfg = Debug|Any CPU
		{985CC88E-980F-4822-B64E-0C20554ABC14}.Debug|Any CPU.Build.0 = Debug|Any CPU
		{985CC88E-980F-4822-B64E-0C20554ABC14}.Release|Any CPU.ActiveCfg = Release|Any CPU
		{985CC88E-980F-4822-B64E-0C20554ABC14}.Release|Any CPU.Build.0 = Release|Any CPU
	EndGlobalSection
	GlobalSection(SolutionProperties) = preSolution
		HideSolutionNode = FALSE
	EndGlobalSection
	GlobalSection(ExtensibilityGlobals) = postSolution
		SolutionGuid = {E0713B42-7258-455B-A92B-F9E789259805}
	EndGlobalSection
EndGlobal
